
Microsoft Visual Studio Solution File, Format Version 12.00
# Visual Studio Version 17
VisualStudioVersion = 17.5.002.0
MinimumVisualStudioVersion = 10.0.40219.1
Project("{9A19103F-16F7-4668-BE54-9A1E7A4F7556}") = "11 - Events", "11 - Events.csproj", "{B8EBCE0C-72F7-4584-819C-17571F88F65B}"
EndProject
Global
	GlobalSection(SolutionConfigurationPlatforms) = preSolution
		Debug|Any CPU = Debug|Any CPU
		Release|Any CPU = Release|Any CPU
	EndGlobalSection
	GlobalSection(ProjectConfigurationPlatforms) = postSolution
		{B8EBCE0C-72F7-4584-819C-17571F88F65B}.Debug|Any CPU.ActiveCfg = Debug|Any CPU
		{B8EBCE0C-72F7-4584-819C-17571F88F65B}.Debug|Any CPU.Build.0 = Debug|Any CPU
		{B8EBCE0C-72F7-4584-819C-17571F88F65B}.Release|Any CPU.ActiveCfg = Release|Any CPU
		{B8EBCE0C-72F7-4584-819C-17571F88F65B}.Release|Any CPU.Build.0 = Release|Any CPU
	EndGlobalSection
	GlobalSection(SolutionProperties) = preSolution
		HideSolutionNode = FALSE
	EndGlobalSection
	GlobalSection(ExtensibilityGlobals) = postSolution
		SolutionGuid = {D833953F-55B6-4EA2-A4DB-4700D9EC92FE}
	EndGlobalSection
EndGlobal
